
Microsoft Visual Studio Solution File, Format Version 12.00
# Visual Studio Version 16
VisualStudioVersion = 16.0.29905.134
MinimumVisualStudioVersion = 10.0.40219.1
Project("{FAE04EC0-301F-11D3-BF4B-00C04F79EFBC}") = "Investor.Core", "Investor.Core\Investor.Core.csproj", "{FEEAFDF5-C505-416E-A9D1-065EB8647D8A}"
EndProject
Project("{FAE04EC0-301F-11D3-BF4B-00C04F79EFBC}") = "Investor.UI.Core", "Investor.UI.Core\Investor.UI.Core.csproj", "{BA058E5B-991F-43A7-8032-E115AE198892}"
EndProject
Project("{FAE04EC0-301F-11D3-BF4B-00C04F79EFBC}") = "Investor.UI.Windows", "Investor.UI.Windows\Investor.UI.Windows.csproj", "{B6262102-197D-4E6D-9F13-4D059522ECDD}"
EndProject
Global
	GlobalSection(SolutionConfigurationPlatforms) = preSolution
		Debug|Any CPU = Debug|Any CPU
		Release|Any CPU = Release|Any CPU
	EndGlobalSection
	GlobalSection(ProjectConfigurationPlatforms) = postSolution
		{FEEAFDF5-C505-416E-A9D1-065EB8647D8A}.Debug|Any CPU.ActiveCfg = Debug|Any CPU
		{FEEAFDF5-C505-416E-A9D1-065EB8647D8A}.Debug|Any CPU.Build.0 = Debug|Any CPU
		{FEEAFDF5-C505-416E-A9D1-065EB8647D8A}.Release|Any CPU.ActiveCfg = Release|Any CPU
		{FEEAFDF5-C505-416E-A9D1-065EB8647D8A}.Release|Any CPU.Build.0 = Release|Any CPU
		{BA058E5B-991F-43A7-8032-E115AE198892}.Debug|Any CPU.ActiveCfg = Debug|Any CPU
		{BA058E5B-991F-43A7-8032-E115AE198892}.Debug|Any CPU.Build.0 = Debug|Any CPU
		{BA058E5B-991F-43A7-8032-E115AE198892}.Release|Any CPU.ActiveCfg = Release|Any CPU
		{BA058E5B-991F-43A7-8032-E115AE198892}.Release|Any CPU.Build.0 = Release|Any CPU
		{B6262102-197D-4E6D-9F13-4D059522ECDD}.Debug|Any CPU.ActiveCfg = Debug|Any CPU
		{B6262102-197D-4E6D-9F13-4D059522ECDD}.Debug|Any CPU.Build.0 = Debug|Any CPU
		{B6262102-197D-4E6D-9F13-4D059522ECDD}.Release|Any CPU.ActiveCfg = Release|Any CPU
		{B6262102-197D-4E6D-9F13-4D059522ECDD}.Release|Any CPU.Build.0 = Release|Any CPU
	EndGlobalSection
	GlobalSection(SolutionProperties) = preSolution
		HideSolutionNode = FALSE
	EndGlobalSection
	GlobalSection(ExtensibilityGlobals) = postSolution
		SolutionGuid = {C3547A62-C689-410B-95A4-8DBD68C0D504}
	EndGlobalSection
EndGlobal
