
Microsoft Visual Studio Solution File, Format Version 12.00
# Visual Studio 15
VisualStudioVersion = 15.0.28307.136
MinimumVisualStudioVersion = 10.0.40219.1
Project("{FAE04EC0-301F-11D3-BF4B-00C04F79EFBC}") = "InvestorCore", "InvestorCore\InvestorCore.csproj", "{7DA0DEB4-A955-41BD-8333-AA2ADEEE5ABA}"
EndProject
Project("{FAE04EC0-301F-11D3-BF4B-00C04F79EFBC}") = "InvestorUI", "InvestorUI\InvestorUI.csproj", "{C8252763-CA5D-4C36-9015-0A419D72E858}"
EndProject
Global
	GlobalSection(SolutionConfigurationPlatforms) = preSolution
		Debug|Any CPU = Debug|Any CPU
		Release|Any CPU = Release|Any CPU
	EndGlobalSection
	GlobalSection(ProjectConfigurationPlatforms) = postSolution
		{7DA0DEB4-A955-41BD-8333-AA2ADEEE5ABA}.Debug|Any CPU.ActiveCfg = Debug|Any CPU
		{7DA0DEB4-A955-41BD-8333-AA2ADEEE5ABA}.Debug|Any CPU.Build.0 = Debug|Any CPU
		{7DA0DEB4-A955-41BD-8333-AA2ADEEE5ABA}.Release|Any CPU.ActiveCfg = Release|Any CPU
		{7DA0DEB4-A955-41BD-8333-AA2ADEEE5ABA}.Release|Any CPU.Build.0 = Release|Any CPU
		{C8252763-CA5D-4C36-9015-0A419D72E858}.Debug|Any CPU.ActiveCfg = Debug|Any CPU
		{C8252763-CA5D-4C36-9015-0A419D72E858}.Debug|Any CPU.Build.0 = Debug|Any CPU
		{C8252763-CA5D-4C36-9015-0A419D72E858}.Release|Any CPU.ActiveCfg = Release|Any CPU
		{C8252763-CA5D-4C36-9015-0A419D72E858}.Release|Any CPU.Build.0 = Release|Any CPU
	EndGlobalSection
	GlobalSection(SolutionProperties) = preSolution
		HideSolutionNode = FALSE
	EndGlobalSection
	GlobalSection(ExtensibilityGlobals) = postSolution
		SolutionGuid = {C3547A62-C689-410B-95A4-8DBD68C0D504}
	EndGlobalSection
EndGlobal
