
Microsoft Visual Studio Solution File, Format Version 12.00
# Visual Studio Version 17
VisualStudioVersion = 17.2.32630.192
MinimumVisualStudioVersion = 10.0.40219.1
Project("{9A19103F-16F7-4668-BE54-9A1E7A4F7556}") = "InvestorAPI.Data", "InvestorAPI.Data\InvestorAPI.Data.csproj", "{74C41227-149E-4552-8C5B-16558BB81E9A}"
EndProject
Project("{9A19103F-16F7-4668-BE54-9A1E7A4F7556}") = "InvestorAPI", "InvestorAPI\InvestorAPI.csproj", "{EB26FE37-9179-4A4F-A250-555AEC41E365}"
EndProject
Project("{9A19103F-16F7-4668-BE54-9A1E7A4F7556}") = "InvestorAPI.Core", "InvestorAPI.Core\InvestorAPI.Core.csproj", "{5DB35308-F85A-4174-9AA5-93CDD76CD53C}"
EndProject
Project("{9A19103F-16F7-4668-BE54-9A1E7A4F7556}") = "InvestorData", "..\InvestorData\InvestorData\InvestorData.csproj", "{F2FB4AB2-0A5E-4786-87C4-EEA53413F0EB}"
EndProject
Global
	GlobalSection(SolutionConfigurationPlatforms) = preSolution
		Debug|Any CPU = Debug|Any CPU
		Release|Any CPU = Release|Any CPU
	EndGlobalSection
	GlobalSection(ProjectConfigurationPlatforms) = postSolution
		{74C41227-149E-4552-8C5B-16558BB81E9A}.Debug|Any CPU.ActiveCfg = Debug|Any CPU
		{74C41227-149E-4552-8C5B-16558BB81E9A}.Debug|Any CPU.Build.0 = Debug|Any CPU
		{74C41227-149E-4552-8C5B-16558BB81E9A}.Release|Any CPU.ActiveCfg = Release|Any CPU
		{74C41227-149E-4552-8C5B-16558BB81E9A}.Release|Any CPU.Build.0 = Release|Any CPU
		{EB26FE37-9179-4A4F-A250-555AEC41E365}.Debug|Any CPU.ActiveCfg = Debug|Any CPU
		{EB26FE37-9179-4A4F-A250-555AEC41E365}.Debug|Any CPU.Build.0 = Debug|Any CPU
		{EB26FE37-9179-4A4F-A250-555AEC41E365}.Release|Any CPU.ActiveCfg = Release|Any CPU
		{EB26FE37-9179-4A4F-A250-555AEC41E365}.Release|Any CPU.Build.0 = Release|Any CPU
		{5DB35308-F85A-4174-9AA5-93CDD76CD53C}.Debug|Any CPU.ActiveCfg = Debug|Any CPU
		{5DB35308-F85A-4174-9AA5-93CDD76CD53C}.Debug|Any CPU.Build.0 = Debug|Any CPU
		{5DB35308-F85A-4174-9AA5-93CDD76CD53C}.Release|Any CPU.ActiveCfg = Release|Any CPU
		{5DB35308-F85A-4174-9AA5-93CDD76CD53C}.Release|Any CPU.Build.0 = Release|Any CPU
		{F2FB4AB2-0A5E-4786-87C4-EEA53413F0EB}.Debug|Any CPU.ActiveCfg = Debug|Any CPU
		{F2FB4AB2-0A5E-4786-87C4-EEA53413F0EB}.Debug|Any CPU.Build.0 = Debug|Any CPU
		{F2FB4AB2-0A5E-4786-87C4-EEA53413F0EB}.Release|Any CPU.ActiveCfg = Release|Any CPU
		{F2FB4AB2-0A5E-4786-87C4-EEA53413F0EB}.Release|Any CPU.Build.0 = Release|Any CPU
	EndGlobalSection
	GlobalSection(SolutionProperties) = preSolution
		HideSolutionNode = FALSE
	EndGlobalSection
	GlobalSection(ExtensibilityGlobals) = postSolution
		SolutionGuid = {80B01A9E-82DE-42ED-B992-BD791724ECE8}
	EndGlobalSection
EndGlobal
